
Microsoft Visual Studio Solution File, Format Version 12.00
# Visual Studio Version 16
VisualStudioVersion = 16.0.30621.155
MinimumVisualStudioVersion = 10.0.40219.1
Project("{FAE04EC0-301F-11D3-BF4B-00C04F79EFBC}") = "Calculator", "Calculator\Calculator.csproj", "{307E1C42-0312-41B3-94A8-6E86F89F820B}"
EndProject
Global
	GlobalSection(SolutionConfigurationPlatforms) = preSolution
		Debug|Any CPU = Debug|Any CPU
		Release|Any CPU = Release|Any CPU
	EndGlobalSection
	GlobalSection(ProjectConfigurationPlatforms) = postSolution
		{307E1C42-0312-41B3-94A8-6E86F89F820B}.Debug|Any CPU.ActiveCfg = Debug|Any CPU
		{307E1C42-0312-41B3-94A8-6E86F89F820B}.Debug|Any CPU.Build.0 = Debug|Any CPU
		{307E1C42-0312-41B3-94A8-6E86F89F820B}.Release|Any CPU.ActiveCfg = Release|Any CPU
		{307E1C42-0312-41B3-94A8-6E86F89F820B}.Release|Any CPU.Build.0 = Release|Any CPU
	EndGlobalSection
	GlobalSection(SolutionProperties) = preSolution
		HideSolutionNode = FALSE
	EndGlobalSection
	GlobalSection(ExtensibilityGlobals) = postSolution
		SolutionGuid = {C9F04E39-DA1A-4607-8325-EB4C2A25AD18}
	EndGlobalSection
EndGlobal
